// !$*UTF8*$!
{
	archiveVersion = 1;
	classes = {
	};
	objectVersion = 50;
	objects = {

/* Begin PBXBuildFile section */
		FAC222DD24D510E400EEB723 /* AppDelegate.swift in Sources */ = {isa = PBXBuildFile; fileRef = FAC222DC24D510E400EEB723 /* AppDelegate.swift */; };
		FAC222E124D510E400EEB723 /* ViewController.swift in Sources */ = {isa = PBXBuildFile; fileRef = FAC222E024D510E400EEB723 /* ViewController.swift */; };
		FAC222E624D510E600EEB723 /* Assets.xcassets in Resources */ = {isa = PBXBuildFile; fileRef = FAC222E524D510E600EEB723 /* Assets.xcassets */; };
		FAC222E924D510E600EEB723 /* LaunchScreen.storyboard in Resources */ = {isa = PBXBuildFile; fileRef = FAC222E724D510E600EEB723 /* LaunchScreen.storyboard */; };
		FAC222F424D510E700EEB723 /* PhotoAlbumTests.swift in Sources */ = {isa = PBXBuildFile; fileRef = FAC222F324D510E700EEB723 /* PhotoAlbumTests.swift */; };
		FAC222FF24D510E700EEB723 /* PhotoAlbumUITests.swift in Sources */ = {isa = PBXBuildFile; fileRef = FAC222FE24D510E700EEB723 /* PhotoAlbumUITests.swift */; };
		FAC2230E24D5131F00EEB723 /* PhotoResponse.swift in Sources */ = {isa = PBXBuildFile; fileRef = FAC2230D24D5131F00EEB723 /* PhotoResponse.swift */; };
		FAC2231324D514FD00EEB723 /* PhotoService.swift in Sources */ = {isa = PBXBuildFile; fileRef = FAC2231224D514FD00EEB723 /* PhotoService.swift */; };
/* End PBXBuildFile section */

/* Begin PBXContainerItemProxy section */
		FAC222F024D510E700EEB723 /* PBXContainerItemProxy */ = {
			isa = PBXContainerItemProxy;
			containerPortal = FAC222D124D510E400EEB723 /* Project object */;
			proxyType = 1;
			remoteGlobalIDString = FAC222D824D510E400EEB723;
			remoteInfo = PhotoAlbum;
		};
		FAC222FB24D510E700EEB723 /* PBXContainerItemProxy */ = {
			isa = PBXContainerItemProxy;
			containerPortal = FAC222D124D510E400EEB723 /* Project object */;
			proxyType = 1;
			remoteGlobalIDString = FAC222D824D510E400EEB723;
			remoteInfo = PhotoAlbum;
		};
/* End PBXContainerItemProxy section */

/* Begin PBXFileReference section */
		FAC222D924D510E400EEB723 /* PhotoAlbum.app */ = {isa = PBXFileReference; explicitFileType = wrapper.application; includeInIndex = 0; path = PhotoAlbum.app; sourceTree = BUILT_PRODUCTS_DIR; };
		FAC222DC24D510E400EEB723 /* AppDelegate.swift */ = {isa = PBXFileReference; lastKnownFileType = sourcecode.swift; path = AppDelegate.swift; sourceTree = "<group>"; };
		FAC222E024D510E400EEB723 /* ViewController.swift */ = {isa = PBXFileReference; lastKnownFileType = sourcecode.swift; path = ViewController.swift; sourceTree = "<group>"; };
		FAC222E524D510E600EEB723 /* Assets.xcassets */ = {isa = PBXFileReference; lastKnownFileType = folder.assetcatalog; path = Assets.xcassets; sourceTree = "<group>"; };
		FAC222E824D510E600EEB723 /* Base */ = {isa = PBXFileReference; lastKnownFileType = file.storyboard; name = Base; path = Base.lproj/LaunchScreen.storyboard; sourceTree = "<group>"; };
		FAC222EA24D510E600EEB723 /* Info.plist */ = {isa = PBXFileReference; lastKnownFileType = text.plist.xml; path = Info.plist; sourceTree = "<group>"; };
		FAC222EF24D510E700EEB723 /* PhotoAlbumTests.xctest */ = {isa = PBXFileReference; explicitFileType = wrapper.cfbundle; includeInIndex = 0; path = PhotoAlbumTests.xctest; sourceTree = BUILT_PRODUCTS_DIR; };
		FAC222F324D510E700EEB723 /* PhotoAlbumTests.swift */ = {isa = PBXFileReference; lastKnownFileType = sourcecode.swift; path = PhotoAlbumTests.swift; sourceTree = "<group>"; };
		FAC222F524D510E700EEB723 /* Info.plist */ = {isa = PBXFileReference; lastKnownFileType = text.plist.xml; path = Info.plist; sourceTree = "<group>"; };
		FAC222FA24D510E700EEB723 /* PhotoAlbumUITests.xctest */ = {isa = PBXFileReference; explicitFileType = wrapper.cfbundle; includeInIndex = 0; path = PhotoAlbumUITests.xctest; sourceTree = BUILT_PRODUCTS_DIR; };
		FAC222FE24D510E700EEB723 /* PhotoAlbumUITests.swift */ = {isa = PBXFileReference; lastKnownFileType = sourcecode.swift; path = PhotoAlbumUITests.swift; sourceTree = "<group>"; };
		FAC2230024D510E700EEB723 /* Info.plist */ = {isa = PBXFileReference; lastKnownFileType = text.plist.xml; path = Info.plist; sourceTree = "<group>"; };
		FAC2230D24D5131F00EEB723 /* PhotoResponse.swift */ = {isa = PBXFileReference; lastKnownFileType = sourcecode.swift; path = PhotoResponse.swift; sourceTree = "<group>"; };
		FAC2231224D514FD00EEB723 /* PhotoService.swift */ = {isa = PBXFileReference; lastKnownFileType = sourcecode.swift; path = PhotoService.swift; sourceTree = "<group>"; };
/* End PBXFileReference section */

/* Begin PBXFrameworksBuildPhase section */
		FAC222D624D510E400EEB723 /* Frameworks */ = {
			isa = PBXFrameworksBuildPhase;
			buildActionMask = 2147483647;
			files = (
			);
			runOnlyForDeploymentPostprocessing = 0;
		};
		FAC222EC24D510E700EEB723 /* Frameworks */ = {
			isa = PBXFrameworksBuildPhase;
			buildActionMask = 2147483647;
			files = (
			);
			runOnlyForDeploymentPostprocessing = 0;
		};
		FAC222F724D510E700EEB723 /* Frameworks */ = {
			isa = PBXFrameworksBuildPhase;
			buildActionMask = 2147483647;
			files = (
			);
			runOnlyForDeploymentPostprocessing = 0;
		};
/* End PBXFrameworksBuildPhase section */

/* Begin PBXGroup section */
		FAC222D024D510E400EEB723 = {
			isa = PBXGroup;
			children = (
				FAC222DB24D510E400EEB723 /* PhotoAlbum */,
				FAC222F224D510E700EEB723 /* PhotoAlbumTests */,
				FAC222FD24D510E700EEB723 /* PhotoAlbumUITests */,
				FAC222DA24D510E400EEB723 /* Products */,
			);
			sourceTree = "<group>";
		};
		FAC222DA24D510E400EEB723 /* Products */ = {
			isa = PBXGroup;
			children = (
				FAC222D924D510E400EEB723 /* PhotoAlbum.app */,
				FAC222EF24D510E700EEB723 /* PhotoAlbumTests.xctest */,
				FAC222FA24D510E700EEB723 /* PhotoAlbumUITests.xctest */,
			);
			name = Products;
			sourceTree = "<group>";
		};
		FAC222DB24D510E400EEB723 /* PhotoAlbum */ = {
			isa = PBXGroup;
			children = (
				FAC2231124D514E600EEB723 /* Services */,
				FAC2230C24D512C400EEB723 /* Models */,
				FAC222DC24D510E400EEB723 /* AppDelegate.swift */,
				FAC222E024D510E400EEB723 /* ViewController.swift */,
				FAC222E524D510E600EEB723 /* Assets.xcassets */,
				FAC222E724D510E600EEB723 /* LaunchScreen.storyboard */,
				FAC222EA24D510E600EEB723 /* Info.plist */,
			);
			path = PhotoAlbum;
			sourceTree = "<group>";
		};
		FAC222F224D510E700EEB723 /* PhotoAlbumTests */ = {
			isa = PBXGroup;
			children = (
				FAC222F324D510E700EEB723 /* PhotoAlbumTests.swift */,
				FAC222F524D510E700EEB723 /* Info.plist */,
			);
			path = PhotoAlbumTests;
			sourceTree = "<group>";
		};
		FAC222FD24D510E700EEB723 /* PhotoAlbumUITests */ = {
			isa = PBXGroup;
			children = (
				FAC222FE24D510E700EEB723 /* PhotoAlbumUITests.swift */,
				FAC2230024D510E700EEB723 /* Info.plist */,
			);
			path = PhotoAlbumUITests;
			sourceTree = "<group>";
		};
		FAC2230C24D512C400EEB723 /* Models */ = {
			isa = PBXGroup;
			children = (
				FAC2230D24D5131F00EEB723 /* PhotoResponse.swift */,
			);
			path = Models;
			sourceTree = "<group>";
		};
		FAC2231124D514E600EEB723 /* Services */ = {
			isa = PBXGroup;
			children = (
				FAC2231224D514FD00EEB723 /* PhotoService.swift */,
			);
			path = Services;
			sourceTree = "<group>";
		};
/* End PBXGroup section */

/* Begin PBXNativeTarget section */
		FAC222D824D510E400EEB723 /* PhotoAlbum */ = {
			isa = PBXNativeTarget;
			buildConfigurationList = FAC2230324D510E700EEB723 /* Build configuration list for PBXNativeTarget "PhotoAlbum" */;
			buildPhases = (
				FAC222D524D510E400EEB723 /* Sources */,
				FAC222D624D510E400EEB723 /* Frameworks */,
				FAC222D724D510E400EEB723 /* Resources */,
			);
			buildRules = (
			);
			dependencies = (
			);
			name = PhotoAlbum;
			productName = PhotoAlbum;
			productReference = FAC222D924D510E400EEB723 /* PhotoAlbum.app */;
			productType = "com.apple.product-type.application";
		};
		FAC222EE24D510E700EEB723 /* PhotoAlbumTests */ = {
			isa = PBXNativeTarget;
			buildConfigurationList = FAC2230624D510E700EEB723 /* Build configuration list for PBXNativeTarget "PhotoAlbumTests" */;
			buildPhases = (
				FAC222EB24D510E700EEB723 /* Sources */,
				FAC222EC24D510E700EEB723 /* Frameworks */,
				FAC222ED24D510E700EEB723 /* Resources */,
			);
			buildRules = (
			);
			dependencies = (
				FAC222F124D510E700EEB723 /* PBXTargetDependency */,
			);
			name = PhotoAlbumTests;
			productName = PhotoAlbumTests;
			productReference = FAC222EF24D510E700EEB723 /* PhotoAlbumTests.xctest */;
			productType = "com.apple.product-type.bundle.unit-test";
		};
		FAC222F924D510E700EEB723 /* PhotoAlbumUITests */ = {
			isa = PBXNativeTarget;
			buildConfigurationList = FAC2230924D510E700EEB723 /* Build configuration list for PBXNativeTarget "PhotoAlbumUITests" */;
			buildPhases = (
				FAC222F624D510E700EEB723 /* Sources */,
				FAC222F724D510E700EEB723 /* Frameworks */,
				FAC222F824D510E700EEB723 /* Resources */,
			);
			buildRules = (
			);
			dependencies = (
				FAC222FC24D510E700EEB723 /* PBXTargetDependency */,
			);
			name = PhotoAlbumUITests;
			productName = PhotoAlbumUITests;
			productReference = FAC222FA24D510E700EEB723 /* PhotoAlbumUITests.xctest */;
			productType = "com.apple.product-type.bundle.ui-testing";
		};
/* End PBXNativeTarget section */

/* Begin PBXProject section */
		FAC222D124D510E400EEB723 /* Project object */ = {
			isa = PBXProject;
			attributes = {
				LastSwiftUpdateCheck = 1150;
				LastUpgradeCheck = 1150;
				ORGANIZATIONNAME = "Adrian Bucar";
				TargetAttributes = {
					FAC222D824D510E400EEB723 = {
						CreatedOnToolsVersion = 11.5;
					};
					FAC222EE24D510E700EEB723 = {
						CreatedOnToolsVersion = 11.5;
						TestTargetID = FAC222D824D510E400EEB723;
					};
					FAC222F924D510E700EEB723 = {
						CreatedOnToolsVersion = 11.5;
						TestTargetID = FAC222D824D510E400EEB723;
					};
				};
			};
			buildConfigurationList = FAC222D424D510E400EEB723 /* Build configuration list for PBXProject "PhotoAlbum" */;
			compatibilityVersion = "Xcode 9.3";
			developmentRegion = en;
			hasScannedForEncodings = 0;
			knownRegions = (
				en,
				Base,
			);
			mainGroup = FAC222D024D510E400EEB723;
			productRefGroup = FAC222DA24D510E400EEB723 /* Products */;
			projectDirPath = "";
			projectRoot = "";
			targets = (
				FAC222D824D510E400EEB723 /* PhotoAlbum */,
				FAC222EE24D510E700EEB723 /* PhotoAlbumTests */,
				FAC222F924D510E700EEB723 /* PhotoAlbumUITests */,
			);
		};
/* End PBXProject section */

/* Begin PBXResourcesBuildPhase section */
		FAC222D724D510E400EEB723 /* Resources */ = {
			isa = PBXResourcesBuildPhase;
			buildActionMask = 2147483647;
			files = (
				FAC222E924D510E600EEB723 /* LaunchScreen.storyboard in Resources */,
				FAC222E624D510E600EEB723 /* Assets.xcassets in Resources */,
			);
			runOnlyForDeploymentPostprocessing = 0;
		};
		FAC222ED24D510E700EEB723 /* Resources */ = {
			isa = PBXResourcesBuildPhase;
			buildActionMask = 2147483647;
			files = (
			);
			runOnlyForDeploymentPostprocessing = 0;
		};
		FAC222F824D510E700EEB723 /* Resources */ = {
			isa = PBXResourcesBuildPhase;
			buildActionMask = 2147483647;
			files = (
			);
			runOnlyForDeploymentPostprocessing = 0;
		};
/* End PBXResourcesBuildPhase section */

/* Begin PBXSourcesBuildPhase section */
		FAC222D524D510E400EEB723 /* Sources */ = {
			isa = PBXSourcesBuildPhase;
			buildActionMask = 2147483647;
			files = (
				FAC2231324D514FD00EEB723 /* PhotoService.swift in Sources */,
				FAC2230E24D5131F00EEB723 /* PhotoResponse.swift in Sources */,
				FAC222E124D510E400EEB723 /* ViewController.swift in Sources */,
				FAC222DD24D510E400EEB723 /* AppDelegate.swift in Sources */,
			);
			runOnlyForDeploymentPostprocessing = 0;
		};
		FAC222EB24D510E700EEB723 /* Sources */ = {
			isa = PBXSourcesBuildPhase;
			buildActionMask = 2147483647;
			files = (
				FAC222F424D510E700EEB723 /* PhotoAlbumTests.swift in Sources */,
			);
			runOnlyForDeploymentPostprocessing = 0;
		};
		FAC222F624D510E700EEB723 /* Sources */ = {
			isa = PBXSourcesBuildPhase;
			buildActionMask = 2147483647;
			files = (
				FAC222FF24D510E700EEB723 /* PhotoAlbumUITests.swift in Sources */,
			);
			runOnlyForDeploymentPostprocessing = 0;
		};
/* End PBXSourcesBuildPhase section */

/* Begin PBXTargetDependency section */
		FAC222F124D510E700EEB723 /* PBXTargetDependency */ = {
			isa = PBXTargetDependency;
			target = FAC222D824D510E400EEB723 /* PhotoAlbum */;
			targetProxy = FAC222F024D510E700EEB723 /* PBXContainerItemProxy */;
		};
		FAC222FC24D510E700EEB723 /* PBXTargetDependency */ = {
			isa = PBXTargetDependency;
			target = FAC222D824D510E400EEB723 /* PhotoAlbum */;
			targetProxy = FAC222FB24D510E700EEB723 /* PBXContainerItemProxy */;
		};
/* End PBXTargetDependency section */

/* Begin PBXVariantGroup section */
		FAC222E724D510E600EEB723 /* LaunchScreen.storyboard */ = {
			isa = PBXVariantGroup;
			children = (
				FAC222E824D510E600EEB723 /* Base */,
			);
			name = LaunchScreen.storyboard;
			sourceTree = "<group>";
		};
/* End PBXVariantGroup section */

/* Begin XCBuildConfiguration section */
		FAC2230124D510E700EEB723 /* Debug */ = {
			isa = XCBuildConfiguration;
			buildSettings = {
				ALWAYS_SEARCH_USER_PATHS = NO;
				CLANG_ANALYZER_NONNULL = YES;
				CLANG_ANALYZER_NUMBER_OBJECT_CONVERSION = YES_AGGRESSIVE;
				CLANG_CXX_LANGUAGE_STANDARD = "gnu++14";
				CLANG_CXX_LIBRARY = "libc++";
				CLANG_ENABLE_MODULES = YES;
				CLANG_ENABLE_OBJC_ARC = YES;
				CLANG_ENABLE_OBJC_WEAK = YES;
				CLANG_WARN_BLOCK_CAPTURE_AUTORELEASING = YES;
				CLANG_WARN_BOOL_CONVERSION = YES;
				CLANG_WARN_COMMA = YES;
				CLANG_WARN_CONSTANT_CONVERSION = YES;
				CLANG_WARN_DEPRECATED_OBJC_IMPLEMENTATIONS = YES;
				CLANG_WARN_DIRECT_OBJC_ISA_USAGE = YES_ERROR;
				CLANG_WARN_DOCUMENTATION_COMMENTS = YES;
				CLANG_WARN_EMPTY_BODY = YES;
				CLANG_WARN_ENUM_CONVERSION = YES;
				CLANG_WARN_INFINITE_RECURSION = YES;
				CLANG_WARN_INT_CONVERSION = YES;
				CLANG_WARN_NON_LITERAL_NULL_CONVERSION = YES;
				CLANG_WARN_OBJC_IMPLICIT_RETAIN_SELF = YES;
				CLANG_WARN_OBJC_LITERAL_CONVERSION = YES;
				CLANG_WARN_OBJC_ROOT_CLASS = YES_ERROR;
				CLANG_WARN_RANGE_LOOP_ANALYSIS = YES;
				CLANG_WARN_STRICT_PROTOTYPES = YES;
				CLANG_WARN_SUSPICIOUS_MOVE = YES;
				CLANG_WARN_UNGUARDED_AVAILABILITY = YES_AGGRESSIVE;
				CLANG_WARN_UNREACHABLE_CODE = YES;
				CLANG_WARN__DUPLICATE_METHOD_MATCH = YES;
				COPY_PHASE_STRIP = NO;
				DEBUG_INFORMATION_FORMAT = dwarf;
				ENABLE_STRICT_OBJC_MSGSEND = YES;
				ENABLE_TESTABILITY = YES;
				GCC_C_LANGUAGE_STANDARD = gnu11;
				GCC_DYNAMIC_NO_PIC = NO;
				GCC_NO_COMMON_BLOCKS = YES;
				GCC_OPTIMIZATION_LEVEL = 0;
				GCC_PREPROCESSOR_DEFINITIONS = (
					"DEBUG=1",
					"$(inherited)",
				);
				GCC_WARN_64_TO_32_BIT_CONVERSION = YES;
				GCC_WARN_ABOUT_RETURN_TYPE = YES_ERROR;
				GCC_WARN_UNDECLARED_SELECTOR = YES;
				GCC_WARN_UNINITIALIZED_AUTOS = YES_AGGRESSIVE;
				GCC_WARN_UNUSED_FUNCTION = YES;
				GCC_WARN_UNUSED_VARIABLE = YES;
				IPHONEOS_DEPLOYMENT_TARGET = 13.5;
				MTL_ENABLE_DEBUG_INFO = INCLUDE_SOURCE;
				MTL_FAST_MATH = YES;
				ONLY_ACTIVE_ARCH = YES;
				SDKROOT = iphoneos;
				SWIFT_ACTIVE_COMPILATION_CONDITIONS = DEBUG;
				SWIFT_OPTIMIZATION_LEVEL = "-Onone";
			};
			name = Debug;
		};
		FAC2230224D510E700EEB723 /* Release */ = {
			isa = XCBuildConfiguration;
			buildSettings = {
				ALWAYS_SEARCH_USER_PATHS = NO;
				CLANG_ANALYZER_NONNULL = YES;
				CLANG_ANALYZER_NUMBER_OBJECT_CONVERSION = YES_AGGRESSIVE;
				CLANG_CXX_LANGUAGE_STANDARD = "gnu++14";
				CLANG_CXX_LIBRARY = "libc++";
				CLANG_ENABLE_MODULES = YES;
				CLANG_ENABLE_OBJC_ARC = YES;
				CLANG_ENABLE_OBJC_WEAK = YES;
				CLANG_WARN_BLOCK_CAPTURE_AUTORELEASING = YES;
				CLANG_WARN_BOOL_CONVERSION = YES;
				CLANG_WARN_COMMA = YES;
				CLANG_WARN_CONSTANT_CONVERSION = YES;
				CLANG_WARN_DEPRECATED_OBJC_IMPLEMENTATIONS = YES;
				CLANG_WARN_DIRECT_OBJC_ISA_USAGE = YES_ERROR;
				CLANG_WARN_DOCUMENTATION_COMMENTS = YES;
				CLANG_WARN_EMPTY_BODY = YES;
				CLANG_WARN_ENUM_CONVERSION = YES;
				CLANG_WARN_INFINITE_RECURSION = YES;
				CLANG_WARN_INT_CONVERSION = YES;
				CLANG_WARN_NON_LITERAL_NULL_CONVERSION = YES;
				CLANG_WARN_OBJC_IMPLICIT_RETAIN_SELF = YES;
				CLANG_WARN_OBJC_LITERAL_CONVERSION = YES;
				CLANG_WARN_OBJC_ROOT_CLASS = YES_ERROR;
				CLANG_WARN_RANGE_LOOP_ANALYSIS = YES;
				CLANG_WARN_STRICT_PROTOTYPES = YES;
				CLANG_WARN_SUSPICIOUS_MOVE = YES;
				CLANG_WARN_UNGUARDED_AVAILABILITY = YES_AGGRESSIVE;
				CLANG_WARN_UNREACHABLE_CODE = YES;
				CLANG_WARN__DUPLICATE_METHOD_MATCH = YES;
				COPY_PHASE_STRIP = NO;
				DEBUG_INFORMATION_FORMAT = "dwarf-with-dsym";
				ENABLE_NS_ASSERTIONS = NO;
				ENABLE_STRICT_OBJC_MSGSEND = YES;
				GCC_C_LANGUAGE_STANDARD = gnu11;
				GCC_NO_COMMON_BLOCKS = YES;
				GCC_WARN_64_TO_32_BIT_CONVERSION = YES;
				GCC_WARN_ABOUT_RETURN_TYPE = YES_ERROR;
				GCC_WARN_UNDECLARED_SELECTOR = YES;
				GCC_WARN_UNINITIALIZED_AUTOS = YES_AGGRESSIVE;
				GCC_WARN_UNUSED_FUNCTION = YES;
				GCC_WARN_UNUSED_VARIABLE = YES;
				IPHONEOS_DEPLOYMENT_TARGET = 13.5;
				MTL_ENABLE_DEBUG_INFO = NO;
				MTL_FAST_MATH = YES;
				SDKROOT = iphoneos;
				SWIFT_COMPILATION_MODE = wholemodule;
				SWIFT_OPTIMIZATION_LEVEL = "-O";
				VALIDATE_PRODUCT = YES;
			};
			name = Release;
		};
		FAC2230424D510E700EEB723 /* Debug */ = {
			isa = XCBuildConfiguration;
			buildSettings = {
				ASSETCATALOG_COMPILER_APPICON_NAME = AppIcon;
				CODE_SIGN_STYLE = Automatic;
				DEVELOPMENT_TEAM = 46UCY976GL;
				INFOPLIST_FILE = PhotoAlbum/Info.plist;
				LD_RUNPATH_SEARCH_PATHS = (
					"$(inherited)",
					"@executable_path/Frameworks",
				);
				PRODUCT_BUNDLE_IDENTIFIER = com.adrianbucar.PhotoAlbum;
				PRODUCT_NAME = "$(TARGET_NAME)";
				SWIFT_VERSION = 5.0;
				TARGETED_DEVICE_FAMILY = "1,2";
			};
			name = Debug;
		};
		FAC2230524D510E700EEB723 /* Release */ = {
			isa = XCBuildConfiguration;
			buildSettings = {
				ASSETCATALOG_COMPILER_APPICON_NAME = AppIcon;
				CODE_SIGN_STYLE = Automatic;
				DEVELOPMENT_TEAM = 46UCY976GL;
				INFOPLIST_FILE = PhotoAlbum/Info.plist;
				LD_RUNPATH_SEARCH_PATHS = (
					"$(inherited)",
					"@executable_path/Frameworks",
				);
				PRODUCT_BUNDLE_IDENTIFIER = com.adrianbucar.PhotoAlbum;
				PRODUCT_NAME = "$(TARGET_NAME)";
				SWIFT_VERSION = 5.0;
				TARGETED_DEVICE_FAMILY = "1,2";
			};
			name = Release;
		};
		FAC2230724D510E700EEB723 /* Debug */ = {
			isa = XCBuildConfiguration;
			buildSettings = {
				ALWAYS_EMBED_SWIFT_STANDARD_LIBRARIES = YES;
				BUNDLE_LOADER = "$(TEST_HOST)";
				CODE_SIGN_STYLE = Automatic;
				DEVELOPMENT_TEAM = 46UCY976GL;
				INFOPLIST_FILE = PhotoAlbumTests/Info.plist;
				IPHONEOS_DEPLOYMENT_TARGET = 13.5;
				LD_RUNPATH_SEARCH_PATHS = (
					"$(inherited)",
					"@executable_path/Frameworks",
					"@loader_path/Frameworks",
				);
				PRODUCT_BUNDLE_IDENTIFIER = com.adrianbucar.PhotoAlbumTests;
				PRODUCT_NAME = "$(TARGET_NAME)";
				SWIFT_VERSION = 5.0;
				TARGETED_DEVICE_FAMILY = "1,2";
				TEST_HOST = "$(BUILT_PRODUCTS_DIR)/PhotoAlbum.app/PhotoAlbum";
			};
			name = Debug;
		};
		FAC2230824D510E700EEB723 /* Release */ = {
			isa = XCBuildConfiguration;
			buildSettings = {
				ALWAYS_EMBED_SWIFT_STANDARD_LIBRARIES = YES;
				BUNDLE_LOADER = "$(TEST_HOST)";
				CODE_SIGN_STYLE = Automatic;
				DEVELOPMENT_TEAM = 46UCY976GL;
				INFOPLIST_FILE = PhotoAlbumTests/Info.plist;
				IPHONEOS_DEPLOYMENT_TARGET = 13.5;
				LD_RUNPATH_SEARCH_PATHS = (
					"$(inherited)",
					"@executable_path/Frameworks",
					"@loader_path/Frameworks",
				);
				PRODUCT_BUNDLE_IDENTIFIER = com.adrianbucar.PhotoAlbumTests;
				PRODUCT_NAME = "$(TARGET_NAME)";
				SWIFT_VERSION = 5.0;
				TARGETED_DEVICE_FAMILY = "1,2";
				TEST_HOST = "$(BUILT_PRODUCTS_DIR)/PhotoAlbum.app/PhotoAlbum";
			};
			name = Release;
		};
		FAC2230A24D510E700EEB723 /* Debug */ = {
			isa = XCBuildConfiguration;
			buildSettings = {
				ALWAYS_EMBED_SWIFT_STANDARD_LIBRARIES = YES;
				CODE_SIGN_STYLE = Automatic;
				DEVELOPMENT_TEAM = 46UCY976GL;
				INFOPLIST_FILE = PhotoAlbumUITests/Info.plist;
				LD_RUNPATH_SEARCH_PATHS = (
					"$(inherited)",
					"@executable_path/Frameworks",
					"@loader_path/Frameworks",
				);
				PRODUCT_BUNDLE_IDENTIFIER = com.adrianbucar.PhotoAlbumUITests;
				PRODUCT_NAME = "$(TARGET_NAME)";
				SWIFT_VERSION = 5.0;
				TARGETED_DEVICE_FAMILY = "1,2";
				TEST_TARGET_NAME = PhotoAlbum;
			};
			name = Debug;
		};
		FAC2230B24D510E700EEB723 /* Release */ = {
			isa = XCBuildConfiguration;
			buildSettings = {
				ALWAYS_EMBED_SWIFT_STANDARD_LIBRARIES = YES;
				CODE_SIGN_STYLE = Automatic;
				DEVELOPMENT_TEAM = 46UCY976GL;
				INFOPLIST_FILE = PhotoAlbumUITests/Info.plist;
				LD_RUNPATH_SEARCH_PATHS = (
					"$(inherited)",
					"@executable_path/Frameworks",
					"@loader_path/Frameworks",
				);
				PRODUCT_BUNDLE_IDENTIFIER = com.adrianbucar.PhotoAlbumUITests;
				PRODUCT_NAME = "$(TARGET_NAME)";
				SWIFT_VERSION = 5.0;
				TARGETED_DEVICE_FAMILY = "1,2";
				TEST_TARGET_NAME = PhotoAlbum;
			};
			name = Release;
		};
/* End XCBuildConfiguration section */

/* Begin XCConfigurationList section */
		FAC222D424D510E400EEB723 /* Build configuration list for PBXProject "PhotoAlbum" */ = {
			isa = XCConfigurationList;
			buildConfigurations = (
				FAC2230124D510E700EEB723 /* Debug */,
				FAC2230224D510E700EEB723 /* Release */,
			);
			defaultConfigurationIsVisible = 0;
			defaultConfigurationName = Release;
		};
		FAC2230324D510E700EEB723 /* Build configuration list for PBXNativeTarget "PhotoAlbum" */ = {
			isa = XCConfigurationList;
			buildConfigurations = (
				FAC2230424D510E700EEB723 /* Debug */,
				FAC2230524D510E700EEB723 /* Release */,
			);
			defaultConfigurationIsVisible = 0;
			defaultConfigurationName = Release;
		};
		FAC2230624D510E700EEB723 /* Build configuration list for PBXNativeTarget "PhotoAlbumTests" */ = {
			isa = XCConfigurationList;
			buildConfigurations = (
				FAC2230724D510E700EEB723 /* Debug */,
				FAC2230824D510E700EEB723 /* Release */,
			);
			defaultConfigurationIsVisible = 0;
			defaultConfigurationName = Release;
		};
		FAC2230924D510E700EEB723 /* Build configuration list for PBXNativeTarget "PhotoAlbumUITests" */ = {
			isa = XCConfigurationList;
			buildConfigurations = (
				FAC2230A24D510E700EEB723 /* Debug */,
				FAC2230B24D510E700EEB723 /* Release */,
			);
			defaultConfigurationIsVisible = 0;
			defaultConfigurationName = Release;
		};
/* End XCConfigurationList section */
	};
	rootObject = FAC222D124D510E400EEB723 /* Project object */;
}
